
Microsoft Visual Studio Solution File, Format Version 12.00
# Visual Studio Version 17
VisualStudioVersion = 17.7.34024.191
MinimumVisualStudioVersion = 10.0.40219.1
Project("{FAE04EC0-301F-11D3-BF4B-00C04F79EFBC}") = "BannerArt", "BannerArt.csproj", "{03CAEF11-BBAC-4F46-B375-A455932A7477}"
EndProject
Global
	GlobalSection(SolutionConfigurationPlatforms) = preSolution
		Debug|Any CPU = Debug|Any CPU
		Release|Any CPU = Release|Any CPU
	EndGlobalSection
	GlobalSection(ProjectConfigurationPlatforms) = postSolution
		{03CAEF11-BBAC-4F46-B375-A455932A7477}.Debug|Any CPU.ActiveCfg = Debug|Any CPU
		{03CAEF11-BBAC-4F46-B375-A455932A7477}.Debug|Any CPU.Build.0 = Debug|Any CPU
		{03CAEF11-BBAC-4F46-B375-A455932A7477}.Release|Any CPU.ActiveCfg = Release|Any CPU
		{03CAEF11-BBAC-4F46-B375-A455932A7477}.Release|Any CPU.Build.0 = Release|Any CPU
	EndGlobalSection
	GlobalSection(SolutionProperties) = preSolution
		HideSolutionNode = FALSE
	EndGlobalSection
	GlobalSection(ExtensibilityGlobals) = postSolution
		SolutionGuid = {2D7827F0-87C1-4366-9C27-B8759F09844D}
	EndGlobalSection
EndGlobal
